
Microsoft Visual Studio Solution File, Format Version 12.00
# Visual Studio Version 17
VisualStudioVersion = 17.7.34003.232
MinimumVisualStudioVersion = 10.0.40219.1
Project("{9A19103F-16F7-4668-BE54-9A1E7A4F7556}") = "BasicConsoleExample", "FundamentalsExamples\BasicConsoleExample.csproj", "{6C1FE55A-E321-4C6E-A25B-EAB53642E3CA}"
EndProject
Project("{9A19103F-16F7-4668-BE54-9A1E7A4F7556}") = "CalculatorExample", "CalculatorExample\CalculatorExample.csproj", "{4D488632-5FD1-4F73-839E-EF741B87AF7F}"
EndProject
Project("{9A19103F-16F7-4668-BE54-9A1E7A4F7556}") = "BooleanExample", "BooleanExample\BooleanExample.csproj", "{760061A7-27ED-49FE-9AD4-B13DE8E3CDF7}"
EndProject
Project("{9A19103F-16F7-4668-BE54-9A1E7A4F7556}") = "TryCatchExample", "TryCatchExample\TryCatchExample.csproj", "{977465DF-6D8D-4909-9A59-CD5504B7AA53}"
EndProject
Project("{9A19103F-16F7-4668-BE54-9A1E7A4F7556}") = "NullExample", "NullExample\NullExample.csproj", "{E8C33E38-BAFF-486B-85D3-8674705AE443}"
EndProject
Project("{9A19103F-16F7-4668-BE54-9A1E7A4F7556}") = "IntParseExamples", "IntParseExamples\IntParseExamples.csproj", "{899591A0-CEBE-49BD-82B9-9517192FF463}"
EndProject
Project("{9A19103F-16F7-4668-BE54-9A1E7A4F7556}") = "DictionaryExample", "DictionaryExample\DictionaryExample.csproj", "{FBE741E0-10D0-41F1-9A42-4DBD0121A9AA}"
EndProject
Project("{9A19103F-16F7-4668-BE54-9A1E7A4F7556}") = "ThreadSleepExample", "ThreadSleepExample\ThreadSleepExample.csproj", "{0A2E161B-021C-4D9C-BC63-8E7C3BD2E947}"
EndProject
Project("{9A19103F-16F7-4668-BE54-9A1E7A4F7556}") = "StopWatchExample", "StopWatchExample\StopWatchExample.csproj", "{E84594DC-117E-4BD6-9034-744DAD047AD1}"
EndProject
Project("{9A19103F-16F7-4668-BE54-9A1E7A4F7556}") = "ForExample", "ForExample\ForExample.csproj", "{FB296609-3C22-476D-BA1F-0329EE214D79}"
EndProject
Project("{9A19103F-16F7-4668-BE54-9A1E7A4F7556}") = "ListExample", "ListExample\ListExample.csproj", "{30BF1426-1B91-4E0B-8D0C-B5A8E3456199}"
EndProject
Project("{9A19103F-16F7-4668-BE54-9A1E7A4F7556}") = "ArrayExample", "ArrayExample\ArrayExample.csproj", "{F70C4F77-4A05-40C2-9A9E-0E9B904A1828}"
EndProject
Project("{9A19103F-16F7-4668-BE54-9A1E7A4F7556}") = "ForEachExample", "ForEachExample\ForEachExample.csproj", "{A87D422D-0591-4127-A47F-7B1771E6F5A9}"
EndProject
Project("{9A19103F-16F7-4668-BE54-9A1E7A4F7556}") = "FunctionsExample", "FunctionsExample\FunctionsExample.csproj", "{867C3707-FF0A-4786-9EC8-A84BCC7ED471}"
EndProject
Project("{9A19103F-16F7-4668-BE54-9A1E7A4F7556}") = "SelectionSort", "SelectionSort\SelectionSort.csproj", "{B1A09DFA-22B8-45E9-B2F5-B7B75F9CFED4}"
EndProject
Project("{9A19103F-16F7-4668-BE54-9A1E7A4F7556}") = "ContinueKeyWordExamples", "ContinueKeyWordExamples\ContinueKeyWordExamples.csproj", "{B92A74E8-18ED-47CC-8D51-75385E42D3B7}"
EndProject
Project("{9A19103F-16F7-4668-BE54-9A1E7A4F7556}") = "BreakKeyWordExample", "BreakKeyWordExample\BreakKeyWordExample.csproj", "{E31A27B7-5A9E-405D-AF70-4CAD69A7947B}"
EndProject
Project("{9A19103F-16F7-4668-BE54-9A1E7A4F7556}") = "ContainsExample", "ContainsExample\ContainsExample.csproj", "{F630FB3E-E9A1-45A2-92F6-4897469007F2}"
EndProject
Project("{9A19103F-16F7-4668-BE54-9A1E7A4F7556}") = "RecursionExample", "RecursionExample\RecursionExample.csproj", "{7F841E77-1B9E-4F96-84C4-21EEAE22C1D1}"
EndProject
Project("{9A19103F-16F7-4668-BE54-9A1E7A4F7556}") = "IfExample", "IfExample\IfExample.csproj", "{FB515004-DCAC-422B-9F21-83F0F0FAAFE9}"
EndProject
Project("{FAE04EC0-301F-11D3-BF4B-00C04F79EFBC}") = "WhileExample", "WhileExample\WhileExample.csproj", "{AA5544F9-CDEF-4A23-83BB-D32BEC51E28F}"
EndProject
Project("{FAE04EC0-301F-11D3-BF4B-00C04F79EFBC}") = "SwitchExample", "SwitchExample\SwitchExample.csproj", "{90E2CD12-2895-42FB-B5FA-E11C17B14BB9}"
EndProject
Project("{FAE04EC0-301F-11D3-BF4B-00C04F79EFBC}") = "EnumExample", "EnumExample\EnumExample.csproj", "{F86DBB01-C553-4741-A9E1-F089D81D49A4}"
EndProject
Project("{FAE04EC0-301F-11D3-BF4B-00C04F79EFBC}") = "RandomExample", "RandomExample\RandomExample.csproj", "{0BA00ABF-22D7-4295-B002-409E1118B785}"
EndProject
Project("{FAE04EC0-301F-11D3-BF4B-00C04F79EFBC}") = "StringExamples", "StringExamples\StringExamples.csproj", "{47E8E281-A297-4667-8C1C-72C64845779E}"
EndProject
Global
	GlobalSection(SolutionConfigurationPlatforms) = preSolution
		Debug|Any CPU = Debug|Any CPU
		Release|Any CPU = Release|Any CPU
	EndGlobalSection
	GlobalSection(ProjectConfigurationPlatforms) = postSolution
		{6C1FE55A-E321-4C6E-A25B-EAB53642E3CA}.Debug|Any CPU.ActiveCfg = Debug|Any CPU
		{6C1FE55A-E321-4C6E-A25B-EAB53642E3CA}.Debug|Any CPU.Build.0 = Debug|Any CPU
		{6C1FE55A-E321-4C6E-A25B-EAB53642E3CA}.Release|Any CPU.ActiveCfg = Release|Any CPU
		{6C1FE55A-E321-4C6E-A25B-EAB53642E3CA}.Release|Any CPU.Build.0 = Release|Any CPU
		{4D488632-5FD1-4F73-839E-EF741B87AF7F}.Debug|Any CPU.ActiveCfg = Debug|Any CPU
		{4D488632-5FD1-4F73-839E-EF741B87AF7F}.Debug|Any CPU.Build.0 = Debug|Any CPU
		{4D488632-5FD1-4F73-839E-EF741B87AF7F}.Release|Any CPU.ActiveCfg = Release|Any CPU
		{4D488632-5FD1-4F73-839E-EF741B87AF7F}.Release|Any CPU.Build.0 = Release|Any CPU
		{760061A7-27ED-49FE-9AD4-B13DE8E3CDF7}.Debug|Any CPU.ActiveCfg = Debug|Any CPU
		{760061A7-27ED-49FE-9AD4-B13DE8E3CDF7}.Debug|Any CPU.Build.0 = Debug|Any CPU
		{760061A7-27ED-49FE-9AD4-B13DE8E3CDF7}.Release|Any CPU.ActiveCfg = Release|Any CPU
		{760061A7-27ED-49FE-9AD4-B13DE8E3CDF7}.Release|Any CPU.Build.0 = Release|Any CPU
		{977465DF-6D8D-4909-9A59-CD5504B7AA53}.Debug|Any CPU.ActiveCfg = Debug|Any CPU
		{977465DF-6D8D-4909-9A59-CD5504B7AA53}.Debug|Any CPU.Build.0 = Debug|Any CPU
		{977465DF-6D8D-4909-9A59-CD5504B7AA53}.Release|Any CPU.ActiveCfg = Release|Any CPU
		{977465DF-6D8D-4909-9A59-CD5504B7AA53}.Release|Any CPU.Build.0 = Release|Any CPU
		{E8C33E38-BAFF-486B-85D3-8674705AE443}.Debug|Any CPU.ActiveCfg = Debug|Any CPU
		{E8C33E38-BAFF-486B-85D3-8674705AE443}.Debug|Any CPU.Build.0 = Debug|Any CPU
		{E8C33E38-BAFF-486B-85D3-8674705AE443}.Release|Any CPU.ActiveCfg = Release|Any CPU
		{E8C33E38-BAFF-486B-85D3-8674705AE443}.Release|Any CPU.Build.0 = Release|Any CPU
		{899591A0-CEBE-49BD-82B9-9517192FF463}.Debug|Any CPU.ActiveCfg = Debug|Any CPU
		{899591A0-CEBE-49BD-82B9-9517192FF463}.Debug|Any CPU.Build.0 = Debug|Any CPU
		{899591A0-CEBE-49BD-82B9-9517192FF463}.Release|Any CPU.ActiveCfg = Release|Any CPU
		{899591A0-CEBE-49BD-82B9-9517192FF463}.Release|Any CPU.Build.0 = Release|Any CPU
		{FBE741E0-10D0-41F1-9A42-4DBD0121A9AA}.Debug|Any CPU.ActiveCfg = Debug|Any CPU
		{FBE741E0-10D0-41F1-9A42-4DBD0121A9AA}.Debug|Any CPU.Build.0 = Debug|Any CPU
		{FBE741E0-10D0-41F1-9A42-4DBD0121A9AA}.Release|Any CPU.ActiveCfg = Release|Any CPU
		{FBE741E0-10D0-41F1-9A42-4DBD0121A9AA}.Release|Any CPU.Build.0 = Release|Any CPU
		{0A2E161B-021C-4D9C-BC63-8E7C3BD2E947}.Debug|Any CPU.ActiveCfg = Debug|Any CPU
		{0A2E161B-021C-4D9C-BC63-8E7C3BD2E947}.Debug|Any CPU.Build.0 = Debug|Any CPU
		{0A2E161B-021C-4D9C-BC63-8E7C3BD2E947}.Release|Any CPU.ActiveCfg = Release|Any CPU
		{0A2E161B-021C-4D9C-BC63-8E7C3BD2E947}.Release|Any CPU.Build.0 = Release|Any CPU
		{E84594DC-117E-4BD6-9034-744DAD047AD1}.Debug|Any CPU.ActiveCfg = Debug|Any CPU
		{E84594DC-117E-4BD6-9034-744DAD047AD1}.Debug|Any CPU.Build.0 = Debug|Any CPU
		{E84594DC-117E-4BD6-9034-744DAD047AD1}.Release|Any CPU.ActiveCfg = Release|Any CPU
		{E84594DC-117E-4BD6-9034-744DAD047AD1}.Release|Any CPU.Build.0 = Release|Any CPU
		{FB296609-3C22-476D-BA1F-0329EE214D79}.Debug|Any CPU.ActiveCfg = Debug|Any CPU
		{FB296609-3C22-476D-BA1F-0329EE214D79}.Debug|Any CPU.Build.0 = Debug|Any CPU
		{FB296609-3C22-476D-BA1F-0329EE214D79}.Release|Any CPU.ActiveCfg = Release|Any CPU
		{FB296609-3C22-476D-BA1F-0329EE214D79}.Release|Any CPU.Build.0 = Release|Any CPU
		{30BF1426-1B91-4E0B-8D0C-B5A8E3456199}.Debug|Any CPU.ActiveCfg = Debug|Any CPU
		{30BF1426-1B91-4E0B-8D0C-B5A8E3456199}.Debug|Any CPU.Build.0 = Debug|Any CPU
		{30BF1426-1B91-4E0B-8D0C-B5A8E3456199}.Release|Any CPU.ActiveCfg = Release|Any CPU
		{30BF1426-1B91-4E0B-8D0C-B5A8E3456199}.Release|Any CPU.Build.0 = Release|Any CPU
		{F70C4F77-4A05-40C2-9A9E-0E9B904A1828}.Debug|Any CPU.ActiveCfg = Debug|Any CPU
		{F70C4F77-4A05-40C2-9A9E-0E9B904A1828}.Debug|Any CPU.Build.0 = Debug|Any CPU
		{F70C4F77-4A05-40C2-9A9E-0E9B904A1828}.Release|Any CPU.ActiveCfg = Release|Any CPU
		{F70C4F77-4A05-40C2-9A9E-0E9B904A1828}.Release|Any CPU.Build.0 = Release|Any CPU
		{A87D422D-0591-4127-A47F-7B1771E6F5A9}.Debug|Any CPU.ActiveCfg = Debug|Any CPU
		{A87D422D-0591-4127-A47F-7B1771E6F5A9}.Debug|Any CPU.Build.0 = Debug|Any CPU
		{A87D422D-0591-4127-A47F-7B1771E6F5A9}.Release|Any CPU.ActiveCfg = Release|Any CPU
		{A87D422D-0591-4127-A47F-7B1771E6F5A9}.Release|Any CPU.Build.0 = Release|Any CPU
		{867C3707-FF0A-4786-9EC8-A84BCC7ED471}.Debug|Any CPU.ActiveCfg = Debug|Any CPU
		{867C3707-FF0A-4786-9EC8-A84BCC7ED471}.Debug|Any CPU.Build.0 = Debug|Any CPU
		{867C3707-FF0A-4786-9EC8-A84BCC7ED471}.Release|Any CPU.ActiveCfg = Release|Any CPU
		{867C3707-FF0A-4786-9EC8-A84BCC7ED471}.Release|Any CPU.Build.0 = Release|Any CPU
		{B1A09DFA-22B8-45E9-B2F5-B7B75F9CFED4}.Debug|Any CPU.ActiveCfg = Debug|Any CPU
		{B1A09DFA-22B8-45E9-B2F5-B7B75F9CFED4}.Debug|Any CPU.Build.0 = Debug|Any CPU
		{B1A09DFA-22B8-45E9-B2F5-B7B75F9CFED4}.Release|Any CPU.ActiveCfg = Release|Any CPU
		{B1A09DFA-22B8-45E9-B2F5-B7B75F9CFED4}.Release|Any CPU.Build.0 = Release|Any CPU
		{B92A74E8-18ED-47CC-8D51-75385E42D3B7}.Debug|Any CPU.ActiveCfg = Debug|Any CPU
		{B92A74E8-18ED-47CC-8D51-75385E42D3B7}.Debug|Any CPU.Build.0 = Debug|Any CPU
		{B92A74E8-18ED-47CC-8D51-75385E42D3B7}.Release|Any CPU.ActiveCfg = Release|Any CPU
		{B92A74E8-18ED-47CC-8D51-75385E42D3B7}.Release|Any CPU.Build.0 = Release|Any CPU
		{E31A27B7-5A9E-405D-AF70-4CAD69A7947B}.Debug|Any CPU.ActiveCfg = Debug|Any CPU
		{E31A27B7-5A9E-405D-AF70-4CAD69A7947B}.Debug|Any CPU.Build.0 = Debug|Any CPU
		{E31A27B7-5A9E-405D-AF70-4CAD69A7947B}.Release|Any CPU.ActiveCfg = Release|Any CPU
		{E31A27B7-5A9E-405D-AF70-4CAD69A7947B}.Release|Any CPU.Build.0 = Release|Any CPU
		{F630FB3E-E9A1-45A2-92F6-4897469007F2}.Debug|Any CPU.ActiveCfg = Debug|Any CPU
		{F630FB3E-E9A1-45A2-92F6-4897469007F2}.Debug|Any CPU.Build.0 = Debug|Any CPU
		{F630FB3E-E9A1-45A2-92F6-4897469007F2}.Release|Any CPU.ActiveCfg = Release|Any CPU
		{F630FB3E-E9A1-45A2-92F6-4897469007F2}.Release|Any CPU.Build.0 = Release|Any CPU
		{7F841E77-1B9E-4F96-84C4-21EEAE22C1D1}.Debug|Any CPU.ActiveCfg = Debug|Any CPU
		{7F841E77-1B9E-4F96-84C4-21EEAE22C1D1}.Debug|Any CPU.Build.0 = Debug|Any CPU
		{7F841E77-1B9E-4F96-84C4-21EEAE22C1D1}.Release|Any CPU.ActiveCfg = Release|Any CPU
		{7F841E77-1B9E-4F96-84C4-21EEAE22C1D1}.Release|Any CPU.Build.0 = Release|Any CPU
		{FB515004-DCAC-422B-9F21-83F0F0FAAFE9}.Debug|Any CPU.ActiveCfg = Debug|Any CPU
		{FB515004-DCAC-422B-9F21-83F0F0FAAFE9}.Debug|Any CPU.Build.0 = Debug|Any CPU
		{FB515004-DCAC-422B-9F21-83F0F0FAAFE9}.Release|Any CPU.ActiveCfg = Release|Any CPU
		{FB515004-DCAC-422B-9F21-83F0F0FAAFE9}.Release|Any CPU.Build.0 = Release|Any CPU
		{AA5544F9-CDEF-4A23-83BB-D32BEC51E28F}.Debug|Any CPU.ActiveCfg = Debug|Any CPU
		{AA5544F9-CDEF-4A23-83BB-D32BEC51E28F}.Debug|Any CPU.Build.0 = Debug|Any CPU
		{AA5544F9-CDEF-4A23-83BB-D32BEC51E28F}.Release|Any CPU.ActiveCfg = Release|Any CPU
		{AA5544F9-CDEF-4A23-83BB-D32BEC51E28F}.Release|Any CPU.Build.0 = Release|Any CPU
		{90E2CD12-2895-42FB-B5FA-E11C17B14BB9}.Debug|Any CPU.ActiveCfg = Debug|Any CPU
		{90E2CD12-2895-42FB-B5FA-E11C17B14BB9}.Debug|Any CPU.Build.0 = Debug|Any CPU
		{90E2CD12-2895-42FB-B5FA-E11C17B14BB9}.Release|Any CPU.ActiveCfg = Release|Any CPU
		{90E2CD12-2895-42FB-B5FA-E11C17B14BB9}.Release|Any CPU.Build.0 = Release|Any CPU
		{F86DBB01-C553-4741-A9E1-F089D81D49A4}.Debug|Any CPU.ActiveCfg = Debug|Any CPU
		{F86DBB01-C553-4741-A9E1-F089D81D49A4}.Debug|Any CPU.Build.0 = Debug|Any CPU
		{F86DBB01-C553-4741-A9E1-F089D81D49A4}.Release|Any CPU.ActiveCfg = Release|Any CPU
		{F86DBB01-C553-4741-A9E1-F089D81D49A4}.Release|Any CPU.Build.0 = Release|Any CPU
		{0BA00ABF-22D7-4295-B002-409E1118B785}.Debug|Any CPU.ActiveCfg = Debug|Any CPU
		{0BA00ABF-22D7-4295-B002-409E1118B785}.Debug|Any CPU.Build.0 = Debug|Any CPU
		{0BA00ABF-22D7-4295-B002-409E1118B785}.Release|Any CPU.ActiveCfg = Release|Any CPU
		{0BA00ABF-22D7-4295-B002-409E1118B785}.Release|Any CPU.Build.0 = Release|Any CPU
		{47E8E281-A297-4667-8C1C-72C64845779E}.Debug|Any CPU.ActiveCfg = Debug|Any CPU
		{47E8E281-A297-4667-8C1C-72C64845779E}.Debug|Any CPU.Build.0 = Debug|Any CPU
		{47E8E281-A297-4667-8C1C-72C64845779E}.Release|Any CPU.ActiveCfg = Release|Any CPU
		{47E8E281-A297-4667-8C1C-72C64845779E}.Release|Any CPU.Build.0 = Release|Any CPU
	EndGlobalSection
	GlobalSection(SolutionProperties) = preSolution
		HideSolutionNode = FALSE
	EndGlobalSection
	GlobalSection(ExtensibilityGlobals) = postSolution
		SolutionGuid = {10A372B3-E57A-4574-ACC5-6466E0C5D845}
	EndGlobalSection
EndGlobal
