
Microsoft Visual Studio Solution File, Format Version 12.00
# Visual Studio Version 17
VisualStudioVersion = 17.7.34003.232
MinimumVisualStudioVersion = 10.0.40219.1
Project("{9A19103F-16F7-4668-BE54-9A1E7A4F7556}") = "BasicConsoleExample", "FundamentalsExamples\BasicConsoleExample.csproj", "{6C1FE55A-E321-4C6E-A25B-EAB53642E3CA}"
EndProject
Project("{9A19103F-16F7-4668-BE54-9A1E7A4F7556}") = "CalculatorExample", "CalculatorExample\CalculatorExample.csproj", "{4D488632-5FD1-4F73-839E-EF741B87AF7F}"
EndProject
Project("{9A19103F-16F7-4668-BE54-9A1E7A4F7556}") = "BooleanExample", "BooleanExample\BooleanExample.csproj", "{760061A7-27ED-49FE-9AD4-B13DE8E3CDF7}"
EndProject
Project("{9A19103F-16F7-4668-BE54-9A1E7A4F7556}") = "TryCatchExample", "TryCatchExample\TryCatchExample.csproj", "{977465DF-6D8D-4909-9A59-CD5504B7AA53}"
EndProject
Project("{9A19103F-16F7-4668-BE54-9A1E7A4F7556}") = "NullExample", "NullExample\NullExample.csproj", "{E8C33E38-BAFF-486B-85D3-8674705AE443}"
EndProject
Project("{9A19103F-16F7-4668-BE54-9A1E7A4F7556}") = "IntParseExamples", "IntParseExamples\IntParseExamples.csproj", "{899591A0-CEBE-49BD-82B9-9517192FF463}"
EndProject
Project("{9A19103F-16F7-4668-BE54-9A1E7A4F7556}") = "DictionaryExample", "DictionaryExample\DictionaryExample.csproj", "{FBE741E0-10D0-41F1-9A42-4DBD0121A9AA}"
EndProject
Project("{9A19103F-16F7-4668-BE54-9A1E7A4F7556}") = "ThreadSleepExample", "ThreadSleepExample\ThreadSleepExample.csproj", "{0A2E161B-021C-4D9C-BC63-8E7C3BD2E947}"
EndProject
Project("{9A19103F-16F7-4668-BE54-9A1E7A4F7556}") = "StopWatchExample", "StopWatchExample\StopWatchExample.csproj", "{E84594DC-117E-4BD6-9034-744DAD047AD1}"
EndProject
Project("{9A19103F-16F7-4668-BE54-9A1E7A4F7556}") = "ForExample", "ForExample\ForExample.csproj", "{FB296609-3C22-476D-BA1F-0329EE214D79}"
EndProject
Project("{9A19103F-16F7-4668-BE54-9A1E7A4F7556}") = "ListExample", "ListExample\ListExample.csproj", "{30BF1426-1B91-4E0B-8D0C-B5A8E3456199}"
EndProject
Project("{9A19103F-16F7-4668-BE54-9A1E7A4F7556}") = "ArrayExample", "ArrayExample\ArrayExample.csproj", "{F70C4F77-4A05-40C2-9A9E-0E9B904A1828}"
EndProject
Project("{FAE04EC0-301F-11D3-BF4B-00C04F79EFBC}") = "ForEachExample", "ForEachExample\ForEachExample.csproj", "{A87D422D-0591-4127-A47F-7B1771E6F5A9}"
EndProject
Global
	GlobalSection(SolutionConfigurationPlatforms) = preSolution
		Debug|Any CPU = Debug|Any CPU
		Release|Any CPU = Release|Any CPU
	EndGlobalSection
	GlobalSection(ProjectConfigurationPlatforms) = postSolution
		{6C1FE55A-E321-4C6E-A25B-EAB53642E3CA}.Debug|Any CPU.ActiveCfg = Debug|Any CPU
		{6C1FE55A-E321-4C6E-A25B-EAB53642E3CA}.Debug|Any CPU.Build.0 = Debug|Any CPU
		{6C1FE55A-E321-4C6E-A25B-EAB53642E3CA}.Release|Any CPU.ActiveCfg = Release|Any CPU
		{6C1FE55A-E321-4C6E-A25B-EAB53642E3CA}.Release|Any CPU.Build.0 = Release|Any CPU
		{4D488632-5FD1-4F73-839E-EF741B87AF7F}.Debug|Any CPU.ActiveCfg = Debug|Any CPU
		{4D488632-5FD1-4F73-839E-EF741B87AF7F}.Debug|Any CPU.Build.0 = Debug|Any CPU
		{4D488632-5FD1-4F73-839E-EF741B87AF7F}.Release|Any CPU.ActiveCfg = Release|Any CPU
		{4D488632-5FD1-4F73-839E-EF741B87AF7F}.Release|Any CPU.Build.0 = Release|Any CPU
		{760061A7-27ED-49FE-9AD4-B13DE8E3CDF7}.Debug|Any CPU.ActiveCfg = Debug|Any CPU
		{760061A7-27ED-49FE-9AD4-B13DE8E3CDF7}.Debug|Any CPU.Build.0 = Debug|Any CPU
		{760061A7-27ED-49FE-9AD4-B13DE8E3CDF7}.Release|Any CPU.ActiveCfg = Release|Any CPU
		{760061A7-27ED-49FE-9AD4-B13DE8E3CDF7}.Release|Any CPU.Build.0 = Release|Any CPU
		{977465DF-6D8D-4909-9A59-CD5504B7AA53}.Debug|Any CPU.ActiveCfg = Debug|Any CPU
		{977465DF-6D8D-4909-9A59-CD5504B7AA53}.Debug|Any CPU.Build.0 = Debug|Any CPU
		{977465DF-6D8D-4909-9A59-CD5504B7AA53}.Release|Any CPU.ActiveCfg = Release|Any CPU
		{977465DF-6D8D-4909-9A59-CD5504B7AA53}.Release|Any CPU.Build.0 = Release|Any CPU
		{E8C33E38-BAFF-486B-85D3-8674705AE443}.Debug|Any CPU.ActiveCfg = Debug|Any CPU
		{E8C33E38-BAFF-486B-85D3-8674705AE443}.Debug|Any CPU.Build.0 = Debug|Any CPU
		{E8C33E38-BAFF-486B-85D3-8674705AE443}.Release|Any CPU.ActiveCfg = Release|Any CPU
		{E8C33E38-BAFF-486B-85D3-8674705AE443}.Release|Any CPU.Build.0 = Release|Any CPU
		{899591A0-CEBE-49BD-82B9-9517192FF463}.Debug|Any CPU.ActiveCfg = Debug|Any CPU
		{899591A0-CEBE-49BD-82B9-9517192FF463}.Debug|Any CPU.Build.0 = Debug|Any CPU
		{899591A0-CEBE-49BD-82B9-9517192FF463}.Release|Any CPU.ActiveCfg = Release|Any CPU
		{899591A0-CEBE-49BD-82B9-9517192FF463}.Release|Any CPU.Build.0 = Release|Any CPU
		{FBE741E0-10D0-41F1-9A42-4DBD0121A9AA}.Debug|Any CPU.ActiveCfg = Debug|Any CPU
		{FBE741E0-10D0-41F1-9A42-4DBD0121A9AA}.Debug|Any CPU.Build.0 = Debug|Any CPU
		{FBE741E0-10D0-41F1-9A42-4DBD0121A9AA}.Release|Any CPU.ActiveCfg = Release|Any CPU
		{FBE741E0-10D0-41F1-9A42-4DBD0121A9AA}.Release|Any CPU.Build.0 = Release|Any CPU
		{0A2E161B-021C-4D9C-BC63-8E7C3BD2E947}.Debug|Any CPU.ActiveCfg = Debug|Any CPU
		{0A2E161B-021C-4D9C-BC63-8E7C3BD2E947}.Debug|Any CPU.Build.0 = Debug|Any CPU
		{0A2E161B-021C-4D9C-BC63-8E7C3BD2E947}.Release|Any CPU.ActiveCfg = Release|Any CPU
		{0A2E161B-021C-4D9C-BC63-8E7C3BD2E947}.Release|Any CPU.Build.0 = Release|Any CPU
		{E84594DC-117E-4BD6-9034-744DAD047AD1}.Debug|Any CPU.ActiveCfg = Debug|Any CPU
		{E84594DC-117E-4BD6-9034-744DAD047AD1}.Debug|Any CPU.Build.0 = Debug|Any CPU
		{E84594DC-117E-4BD6-9034-744DAD047AD1}.Release|Any CPU.ActiveCfg = Release|Any CPU
		{E84594DC-117E-4BD6-9034-744DAD047AD1}.Release|Any CPU.Build.0 = Release|Any CPU
		{FB296609-3C22-476D-BA1F-0329EE214D79}.Debug|Any CPU.ActiveCfg = Debug|Any CPU
		{FB296609-3C22-476D-BA1F-0329EE214D79}.Debug|Any CPU.Build.0 = Debug|Any CPU
		{FB296609-3C22-476D-BA1F-0329EE214D79}.Release|Any CPU.ActiveCfg = Release|Any CPU
		{FB296609-3C22-476D-BA1F-0329EE214D79}.Release|Any CPU.Build.0 = Release|Any CPU
		{30BF1426-1B91-4E0B-8D0C-B5A8E3456199}.Debug|Any CPU.ActiveCfg = Debug|Any CPU
		{30BF1426-1B91-4E0B-8D0C-B5A8E3456199}.Debug|Any CPU.Build.0 = Debug|Any CPU
		{30BF1426-1B91-4E0B-8D0C-B5A8E3456199}.Release|Any CPU.ActiveCfg = Release|Any CPU
		{30BF1426-1B91-4E0B-8D0C-B5A8E3456199}.Release|Any CPU.Build.0 = Release|Any CPU
		{F70C4F77-4A05-40C2-9A9E-0E9B904A1828}.Debug|Any CPU.ActiveCfg = Debug|Any CPU
		{F70C4F77-4A05-40C2-9A9E-0E9B904A1828}.Debug|Any CPU.Build.0 = Debug|Any CPU
		{F70C4F77-4A05-40C2-9A9E-0E9B904A1828}.Release|Any CPU.ActiveCfg = Release|Any CPU
		{F70C4F77-4A05-40C2-9A9E-0E9B904A1828}.Release|Any CPU.Build.0 = Release|Any CPU
		{A87D422D-0591-4127-A47F-7B1771E6F5A9}.Debug|Any CPU.ActiveCfg = Debug|Any CPU
		{A87D422D-0591-4127-A47F-7B1771E6F5A9}.Debug|Any CPU.Build.0 = Debug|Any CPU
		{A87D422D-0591-4127-A47F-7B1771E6F5A9}.Release|Any CPU.ActiveCfg = Release|Any CPU
		{A87D422D-0591-4127-A47F-7B1771E6F5A9}.Release|Any CPU.Build.0 = Release|Any CPU
	EndGlobalSection
	GlobalSection(SolutionProperties) = preSolution
		HideSolutionNode = FALSE
	EndGlobalSection
	GlobalSection(ExtensibilityGlobals) = postSolution
		SolutionGuid = {10A372B3-E57A-4574-ACC5-6466E0C5D845}
	EndGlobalSection
EndGlobal
